{
  "name": "crs-frontend",
  "version": "1.0.0",
  "lockfileVersion": 3,
  "requires": true,
  "packages": {
    "": {
      "name": "crs-frontend",
      "version": "1.0.0",
      "dependencies": {
        "http-server": "^14.1.1"
      }
    },
    "node_modules/http-server": {
      "version": "14.1.1",
      "resolved": "https://registry.npmjs.org/http-server/-/http-server-14.1.1.tgz",
      "integrity": "sha512-+cbxadF40UZd9gk3+v+gdZuuvnMjt+U4DRLIzuCaEBIQoNY4ZkCYzJ9t91f2QyA2QGCda9rechMKs/onewDJow=="
    }
  }
}